{
  "name": "@rhighs/matchjs",
  "version": "1.0.3",
  "lockfileVersion": 3,
  "requires": true,
  "packages": {
    "": {
      "name": "@rhighs/matchjs",
      "version": "1.0.3",
      "license": "MIT",
      "devDependencies": {
        "tinybench": "^2.5.1"
      }
    },
    "node_modules/tinybench": {
      "version": "2.8.0",
      "resolved": "https://registry.npmjs.org/tinybench/-/tinybench-2.8.0.tgz",
      "integrity": "sha512-1/eK7zUnIklz4JUUlL+658n58XO2hHLQfSk1Zf2LKieUjxidN16eKFEoDEfjHc3ohofSSqK3X5yO6VGb6iW8Lw==",
      "dev": true
    }
  }
}
